// !$*UTF8*$!
{
	archiveVersion = 1;
	classes = {
	};
	objectVersion = 46;
	objects = {

/* Begin PBXBuildFile section */
		C01E983CCF629EC207CFB2C4 /* libPods-CYSuperDemo.a in Frameworks */ = {isa = PBXBuildFile; fileRef = 344EDD8AA1F49F50EA6CB319 /* libPods-CYSuperDemo.a */; };
		E70616D01E795BF200762B56 /* Assets.xcassets in Resources */ = {isa = PBXBuildFile; fileRef = E70616CF1E795BF200762B56 /* Assets.xcassets */; };
		E70616D31E795BF200762B56 /* LaunchScreen.storyboard in Resources */ = {isa = PBXBuildFile; fileRef = E70616D11E795BF200762B56 /* LaunchScreen.storyboard */; };
		E70616DE1E795BF200762B56 /* CYSuperDemoTests.m in Sources */ = {isa = PBXBuildFile; fileRef = E70616DD1E795BF200762B56 /* CYSuperDemoTests.m */; };
		E70616E91E795BF200762B56 /* CYSuperDemoUITests.m in Sources */ = {isa = PBXBuildFile; fileRef = E70616E81E795BF200762B56 /* CYSuperDemoUITests.m */; };
		E717E8581FAAE69E006E5695 /* NSDictionary+CY.m in Sources */ = {isa = PBXBuildFile; fileRef = E717E8571FAAE69E006E5695 /* NSDictionary+CY.m */; };
		E717E85B1FAAE6B3006E5695 /* NSDate+CY.m in Sources */ = {isa = PBXBuildFile; fileRef = E717E85A1FAAE6B3006E5695 /* NSDate+CY.m */; };
		E717E85E1FAAE80B006E5695 /* UIWebView+CY.m in Sources */ = {isa = PBXBuildFile; fileRef = E717E85D1FAAE80B006E5695 /* UIWebView+CY.m */; };
		E7560DD71EAEE91F00BDF928 /* UIView+CYDisplay.m in Sources */ = {isa = PBXBuildFile; fileRef = E7560DD61EAEE91F00BDF928 /* UIView+CYDisplay.m */; };
		E7688E301E7A48DA0064CD69 /* AppDelegate.m in Sources */ = {isa = PBXBuildFile; fileRef = E7688E2C1E7A48DA0064CD69 /* AppDelegate.m */; };
		E7688E311E7A48DA0064CD69 /* main.m in Sources */ = {isa = PBXBuildFile; fileRef = E7688E2D1E7A48DA0064CD69 /* main.m */; };
		E7688E371E7A494A0064CD69 /* ViewController.m in Sources */ = {isa = PBXBuildFile; fileRef = E7688E361E7A494A0064CD69 /* ViewController.m */; };
		E7688E711E7A4B400064CD69 /* CALayer+CY.m in Sources */ = {isa = PBXBuildFile; fileRef = E7688E3B1E7A4B400064CD69 /* CALayer+CY.m */; };
		E7688E721E7A4B400064CD69 /* CYKit.m in Sources */ = {isa = PBXBuildFile; fileRef = E7688E3E1E7A4B400064CD69 /* CYKit.m */; };
		E7688E731E7A4B400064CD69 /* CYTopWindow.m in Sources */ = {isa = PBXBuildFile; fileRef = E7688E401E7A4B400064CD69 /* CYTopWindow.m */; };
		E7688E741E7A4B400064CD69 /* NSArray+CY.m in Sources */ = {isa = PBXBuildFile; fileRef = E7688E431E7A4B400064CD69 /* NSArray+CY.m */; };
		E7688E751E7A4B400064CD69 /* NSData+CY.m in Sources */ = {isa = PBXBuildFile; fileRef = E7688E451E7A4B400064CD69 /* NSData+CY.m */; };
		E7688E761E7A4B400064CD69 /* NSObject+CY.m in Sources */ = {isa = PBXBuildFile; fileRef = E7688E471E7A4B400064CD69 /* NSObject+CY.m */; };
		E7688E771E7A4B400064CD69 /* NSString+CY.m in Sources */ = {isa = PBXBuildFile; fileRef = E7688E491E7A4B400064CD69 /* NSString+CY.m */; };
		E7688E781E7A4B400064CD69 /* Foundation+Log.m in Sources */ = {isa = PBXBuildFile; fileRef = E7688E4A1E7A4B400064CD69 /* Foundation+Log.m */; };
		E7688E791E7A4B400064CD69 /* UIButton+CYTouch.m in Sources */ = {isa = PBXBuildFile; fileRef = E7688E4C1E7A4B400064CD69 /* UIButton+CYTouch.m */; };
		E7688E7A1E7A4B400064CD69 /* UIAlertController+CY.m in Sources */ = {isa = PBXBuildFile; fileRef = E7688E4F1E7A4B400064CD69 /* UIAlertController+CY.m */; };
		E7688E7B1E7A4B400064CD69 /* UIButton+CY.m in Sources */ = {isa = PBXBuildFile; fileRef = E7688E511E7A4B400064CD69 /* UIButton+CY.m */; };
		E7688E7C1E7A4B400064CD69 /* UIButton+TapScope.m in Sources */ = {isa = PBXBuildFile; fileRef = E7688E531E7A4B400064CD69 /* UIButton+TapScope.m */; };
		E7688E7D1E7A4B400064CD69 /* UIColor+CY.m in Sources */ = {isa = PBXBuildFile; fileRef = E7688E551E7A4B400064CD69 /* UIColor+CY.m */; };
		E7688E7E1E7A4B400064CD69 /* UIDevice+CY.m in Sources */ = {isa = PBXBuildFile; fileRef = E7688E571E7A4B400064CD69 /* UIDevice+CY.m */; };
		E7688E7F1E7A4B400064CD69 /* UIImage+CY.m in Sources */ = {isa = PBXBuildFile; fileRef = E7688E591E7A4B400064CD69 /* UIImage+CY.m */; };
		E7688E801E7A4B400064CD69 /* UILabel+CY.m in Sources */ = {isa = PBXBuildFile; fileRef = E7688E5B1E7A4B400064CD69 /* UILabel+CY.m */; };
		E7688E821E7A4B400064CD69 /* UIView+CY.m in Sources */ = {isa = PBXBuildFile; fileRef = E7688E5F1E7A4B400064CD69 /* UIView+CY.m */; };
		E7688E861E7A4B400064CD69 /* CY01BorderLineView.m in Sources */ = {isa = PBXBuildFile; fileRef = E7688E6C1E7A4B400064CD69 /* CY01BorderLineView.m */; };
		E7688E871E7A4B400064CD69 /* CYHeadImageToBig.m in Sources */ = {isa = PBXBuildFile; fileRef = E7688E6E1E7A4B400064CD69 /* CYHeadImageToBig.m */; };
		E7688E881E7A4B400064CD69 /* CYTitleButton.m in Sources */ = {isa = PBXBuildFile; fileRef = E7688E701E7A4B400064CD69 /* CYTitleButton.m */; };
		E7688E8B1E7A4C780064CD69 /* CYNetworkUtility.m in Sources */ = {isa = PBXBuildFile; fileRef = E7688E8A1E7A4C780064CD69 /* CYNetworkUtility.m */; };
		E7688E8E1E7A51DE0064CD69 /* CYAudioUtility.m in Sources */ = {isa = PBXBuildFile; fileRef = E7688E8D1E7A51DE0064CD69 /* CYAudioUtility.m */; };
		E7722E591F42D64300BBE9B6 /* CYMapManager.m in Sources */ = {isa = PBXBuildFile; fileRef = E7722E581F42D64300BBE9B6 /* CYMapManager.m */; };
		E78A996B21421731002A9803 /* CYLocationManager.m in Sources */ = {isa = PBXBuildFile; fileRef = E78A996A21421731002A9803 /* CYLocationManager.m */; };
		E78A996E214217F1002A9803 /* CYCustomSearchBar.m in Sources */ = {isa = PBXBuildFile; fileRef = E78A996D214217F1002A9803 /* CYCustomSearchBar.m */; };
		E78F91631E9CDE8D0033E336 /* UIControl+CY.m in Sources */ = {isa = PBXBuildFile; fileRef = E78F91621E9CDE8D0033E336 /* UIControl+CY.m */; };
		E7A226AE1FAC021600CF65A1 /* UIButton+CYRoundTouch.m in Sources */ = {isa = PBXBuildFile; fileRef = E7A226AC1FAC021600CF65A1 /* UIButton+CYRoundTouch.m */; };
		E7BB58DD1FB19C310026BFD9 /* UIView+CYBoom.m in Sources */ = {isa = PBXBuildFile; fileRef = E7BB58DC1FB19C310026BFD9 /* UIView+CYBoom.m */; };
		E7F40587216B2A6E00B27415 /* ArrayDemo.m in Sources */ = {isa = PBXBuildFile; fileRef = E7F40586216B2A6E00B27415 /* ArrayDemo.m */; };
		E7F4058D216C876500B27415 /* CYRoundedButton.m in Sources */ = {isa = PBXBuildFile; fileRef = E7F4058C216C876500B27415 /* CYRoundedButton.m */; };
		E7F40590216C97FE00B27415 /* WifiInfoViewController.m in Sources */ = {isa = PBXBuildFile; fileRef = E7F4058F216C97FE00B27415 /* WifiInfoViewController.m */; };
		E7F40593216C9C5900B27415 /* SystemConfiguration.framework in Frameworks */ = {isa = PBXBuildFile; fileRef = E7F40592216C9C5900B27415 /* SystemConfiguration.framework */; };
		E7F40596216C9F4F00B27415 /* CYWifiManager.m in Sources */ = {isa = PBXBuildFile; fileRef = E7F40595216C9F4F00B27415 /* CYWifiManager.m */; };
/* End PBXBuildFile section */

/* Begin PBXContainerItemProxy section */
		E70616DA1E795BF200762B56 /* PBXContainerItemProxy */ = {
			isa = PBXContainerItemProxy;
			containerPortal = E70616B81E795BF200762B56 /* Project object */;
			proxyType = 1;
			remoteGlobalIDString = E70616BF1E795BF200762B56;
			remoteInfo = CYSuperDemo;
		};
		E70616E51E795BF200762B56 /* PBXContainerItemProxy */ = {
			isa = PBXContainerItemProxy;
			containerPortal = E70616B81E795BF200762B56 /* Project object */;
			proxyType = 1;
			remoteGlobalIDString = E70616BF1E795BF200762B56;
			remoteInfo = CYSuperDemo;
		};
/* End PBXContainerItemProxy section */

/* Begin PBXFileReference section */
		344EDD8AA1F49F50EA6CB319 /* libPods-CYSuperDemo.a */ = {isa = PBXFileReference; explicitFileType = archive.ar; includeInIndex = 0; path = "libPods-CYSuperDemo.a"; sourceTree = BUILT_PRODUCTS_DIR; };
		4CF91AFD3609077EE9187046 /* Pods-CYSuperDemo.release.xcconfig */ = {isa = PBXFileReference; includeInIndex = 1; lastKnownFileType = text.xcconfig; name = "Pods-CYSuperDemo.release.xcconfig"; path = "Pods/Target Support Files/Pods-CYSuperDemo/Pods-CYSuperDemo.release.xcconfig"; sourceTree = "<group>"; };
		E70616C01E795BF200762B56 /* CYSuperDemo.app */ = {isa = PBXFileReference; explicitFileType = wrapper.application; includeInIndex = 0; path = CYSuperDemo.app; sourceTree = BUILT_PRODUCTS_DIR; };
		E70616CF1E795BF200762B56 /* Assets.xcassets */ = {isa = PBXFileReference; lastKnownFileType = folder.assetcatalog; path = Assets.xcassets; sourceTree = "<group>"; };
		E70616D21E795BF200762B56 /* Base */ = {isa = PBXFileReference; lastKnownFileType = file.storyboard; name = Base; path = Base.lproj/LaunchScreen.storyboard; sourceTree = "<group>"; };
		E70616D41E795BF200762B56 /* Info.plist */ = {isa = PBXFileReference; lastKnownFileType = text.plist.xml; path = Info.plist; sourceTree = "<group>"; };
		E70616D91E795BF200762B56 /* CYSuperDemoTests.xctest */ = {isa = PBXFileReference; explicitFileType = wrapper.cfbundle; includeInIndex = 0; path = CYSuperDemoTests.xctest; sourceTree = BUILT_PRODUCTS_DIR; };
		E70616DD1E795BF200762B56 /* CYSuperDemoTests.m */ = {isa = PBXFileReference; lastKnownFileType = sourcecode.c.objc; path = CYSuperDemoTests.m; sourceTree = "<group>"; };
		E70616DF1E795BF200762B56 /* Info.plist */ = {isa = PBXFileReference; lastKnownFileType = text.plist.xml; path = Info.plist; sourceTree = "<group>"; };
		E70616E41E795BF200762B56 /* CYSuperDemoUITests.xctest */ = {isa = PBXFileReference; explicitFileType = wrapper.cfbundle; includeInIndex = 0; path = CYSuperDemoUITests.xctest; sourceTree = BUILT_PRODUCTS_DIR; };
		E70616E81E795BF200762B56 /* CYSuperDemoUITests.m */ = {isa = PBXFileReference; lastKnownFileType = sourcecode.c.objc; path = CYSuperDemoUITests.m; sourceTree = "<group>"; };
		E70616EA1E795BF200762B56 /* Info.plist */ = {isa = PBXFileReference; lastKnownFileType = text.plist.xml; path = Info.plist; sourceTree = "<group>"; };
		E717E8561FAAE69E006E5695 /* NSDictionary+CY.h */ = {isa = PBXFileReference; lastKnownFileType = sourcecode.c.h; path = "NSDictionary+CY.h"; sourceTree = "<group>"; };
		E717E8571FAAE69E006E5695 /* NSDictionary+CY.m */ = {isa = PBXFileReference; lastKnownFileType = sourcecode.c.objc; path = "NSDictionary+CY.m"; sourceTree = "<group>"; };
		E717E8591FAAE6B3006E5695 /* NSDate+CY.h */ = {isa = PBXFileReference; lastKnownFileType = sourcecode.c.h; path = "NSDate+CY.h"; sourceTree = "<group>"; };
		E717E85A1FAAE6B3006E5695 /* NSDate+CY.m */ = {isa = PBXFileReference; lastKnownFileType = sourcecode.c.objc; path = "NSDate+CY.m"; sourceTree = "<group>"; };
		E717E85C1FAAE80B006E5695 /* UIWebView+CY.h */ = {isa = PBXFileReference; lastKnownFileType = sourcecode.c.h; path = "UIWebView+CY.h"; sourceTree = "<group>"; };
		E717E85D1FAAE80B006E5695 /* UIWebView+CY.m */ = {isa = PBXFileReference; lastKnownFileType = sourcecode.c.objc; path = "UIWebView+CY.m"; sourceTree = "<group>"; };
		E7560DD51EAEE91F00BDF928 /* UIView+CYDisplay.h */ = {isa = PBXFileReference; fileEncoding = 4; lastKnownFileType = sourcecode.c.h; path = "UIView+CYDisplay.h"; sourceTree = "<group>"; };
		E7560DD61EAEE91F00BDF928 /* UIView+CYDisplay.m */ = {isa = PBXFileReference; fileEncoding = 4; lastKnownFileType = sourcecode.c.objc; path = "UIView+CYDisplay.m"; sourceTree = "<group>"; };
		E7581060216F4D71009BB5C8 /* CYCategories.h */ = {isa = PBXFileReference; lastKnownFileType = sourcecode.c.h; path = CYCategories.h; sourceTree = "<group>"; };
		E7688E2B1E7A48DA0064CD69 /* AppDelegate.h */ = {isa = PBXFileReference; fileEncoding = 4; lastKnownFileType = sourcecode.c.h; path = AppDelegate.h; sourceTree = "<group>"; };
		E7688E2C1E7A48DA0064CD69 /* AppDelegate.m */ = {isa = PBXFileReference; fileEncoding = 4; lastKnownFileType = sourcecode.c.objc; path = AppDelegate.m; sourceTree = "<group>"; };
		E7688E2D1E7A48DA0064CD69 /* main.m */ = {isa = PBXFileReference; fileEncoding = 4; lastKnownFileType = sourcecode.c.objc; path = main.m; sourceTree = "<group>"; };
		E7688E351E7A494A0064CD69 /* ViewController.h */ = {isa = PBXFileReference; fileEncoding = 4; lastKnownFileType = sourcecode.c.h; path = ViewController.h; sourceTree = "<group>"; };
		E7688E361E7A494A0064CD69 /* ViewController.m */ = {isa = PBXFileReference; fileEncoding = 4; lastKnownFileType = sourcecode.c.objc; path = ViewController.m; sourceTree = "<group>"; };
		E7688E3A1E7A4B400064CD69 /* CALayer+CY.h */ = {isa = PBXFileReference; fileEncoding = 4; lastKnownFileType = sourcecode.c.h; path = "CALayer+CY.h"; sourceTree = "<group>"; };
		E7688E3B1E7A4B400064CD69 /* CALayer+CY.m */ = {isa = PBXFileReference; fileEncoding = 4; lastKnownFileType = sourcecode.c.objc; path = "CALayer+CY.m"; sourceTree = "<group>"; };
		E7688E3C1E7A4B400064CD69 /* CYExtension.h */ = {isa = PBXFileReference; fileEncoding = 4; lastKnownFileType = sourcecode.c.h; path = CYExtension.h; sourceTree = "<group>"; };
		E7688E3D1E7A4B400064CD69 /* CYKit.h */ = {isa = PBXFileReference; fileEncoding = 4; lastKnownFileType = sourcecode.c.h; path = CYKit.h; sourceTree = "<group>"; };
		E7688E3E1E7A4B400064CD69 /* CYKit.m */ = {isa = PBXFileReference; fileEncoding = 4; lastKnownFileType = sourcecode.c.objc; path = CYKit.m; sourceTree = "<group>"; };
		E7688E3F1E7A4B400064CD69 /* CYTopWindow.h */ = {isa = PBXFileReference; fileEncoding = 4; lastKnownFileType = sourcecode.c.h; path = CYTopWindow.h; sourceTree = "<group>"; };
		E7688E401E7A4B400064CD69 /* CYTopWindow.m */ = {isa = PBXFileReference; fileEncoding = 4; lastKnownFileType = sourcecode.c.objc; path = CYTopWindow.m; sourceTree = "<group>"; };
		E7688E421E7A4B400064CD69 /* NSArray+CY.h */ = {isa = PBXFileReference; fileEncoding = 4; lastKnownFileType = sourcecode.c.h; path = "NSArray+CY.h"; sourceTree = "<group>"; };
		E7688E431E7A4B400064CD69 /* NSArray+CY.m */ = {isa = PBXFileReference; fileEncoding = 4; lastKnownFileType = sourcecode.c.objc; path = "NSArray+CY.m"; sourceTree = "<group>"; };
		E7688E441E7A4B400064CD69 /* NSData+CY.h */ = {isa = PBXFileReference; fileEncoding = 4; lastKnownFileType = sourcecode.c.h; path = "NSData+CY.h"; sourceTree = "<group>"; };
		E7688E451E7A4B400064CD69 /* NSData+CY.m */ = {isa = PBXFileReference; fileEncoding = 4; lastKnownFileType = sourcecode.c.objc; path = "NSData+CY.m"; sourceTree = "<group>"; };
		E7688E461E7A4B400064CD69 /* NSObject+CY.h */ = {isa = PBXFileReference; fileEncoding = 4; lastKnownFileType = sourcecode.c.h; path = "NSObject+CY.h"; sourceTree = "<group>"; };
		E7688E471E7A4B400064CD69 /* NSObject+CY.m */ = {isa = PBXFileReference; fileEncoding = 4; lastKnownFileType = sourcecode.c.objc; path = "NSObject+CY.m"; sourceTree = "<group>"; };
		E7688E481E7A4B400064CD69 /* NSString+CY.h */ = {isa = PBXFileReference; fileEncoding = 4; lastKnownFileType = sourcecode.c.h; path = "NSString+CY.h"; sourceTree = "<group>"; };
		E7688E491E7A4B400064CD69 /* NSString+CY.m */ = {isa = PBXFileReference; fileEncoding = 4; lastKnownFileType = sourcecode.c.objc; path = "NSString+CY.m"; sourceTree = "<group>"; };
		E7688E4A1E7A4B400064CD69 /* Foundation+Log.m */ = {isa = PBXFileReference; fileEncoding = 4; lastKnownFileType = sourcecode.c.objc; path = "Foundation+Log.m"; sourceTree = "<group>"; };
		E7688E4B1E7A4B400064CD69 /* UIButton+CYTouch.h */ = {isa = PBXFileReference; fileEncoding = 4; lastKnownFileType = sourcecode.c.h; path = "UIButton+CYTouch.h"; sourceTree = "<group>"; };
		E7688E4C1E7A4B400064CD69 /* UIButton+CYTouch.m */ = {isa = PBXFileReference; fileEncoding = 4; lastKnownFileType = sourcecode.c.objc; path = "UIButton+CYTouch.m"; sourceTree = "<group>"; };
		E7688E4E1E7A4B400064CD69 /* UIAlertController+CY.h */ = {isa = PBXFileReference; fileEncoding = 4; lastKnownFileType = sourcecode.c.h; path = "UIAlertController+CY.h"; sourceTree = "<group>"; };
		E7688E4F1E7A4B400064CD69 /* UIAlertController+CY.m */ = {isa = PBXFileReference; fileEncoding = 4; lastKnownFileType = sourcecode.c.objc; path = "UIAlertController+CY.m"; sourceTree = "<group>"; };
		E7688E501E7A4B400064CD69 /* UIButton+CY.h */ = {isa = PBXFileReference; fileEncoding = 4; lastKnownFileType = sourcecode.c.h; path = "UIButton+CY.h"; sourceTree = "<group>"; };
		E7688E511E7A4B400064CD69 /* UIButton+CY.m */ = {isa = PBXFileReference; fileEncoding = 4; lastKnownFileType = sourcecode.c.objc; path = "UIButton+CY.m"; sourceTree = "<group>"; };
		E7688E521E7A4B400064CD69 /* UIButton+TapScope.h */ = {isa = PBXFileReference; fileEncoding = 4; lastKnownFileType = sourcecode.c.h; path = "UIButton+TapScope.h"; sourceTree = "<group>"; };
		E7688E531E7A4B400064CD69 /* UIButton+TapScope.m */ = {isa = PBXFileReference; fileEncoding = 4; lastKnownFileType = sourcecode.c.objc; path = "UIButton+TapScope.m"; sourceTree = "<group>"; };
		E7688E541E7A4B400064CD69 /* UIColor+CY.h */ = {isa = PBXFileReference; fileEncoding = 4; lastKnownFileType = sourcecode.c.h; path = "UIColor+CY.h"; sourceTree = "<group>"; };
		E7688E551E7A4B400064CD69 /* UIColor+CY.m */ = {isa = PBXFileReference; fileEncoding = 4; lastKnownFileType = sourcecode.c.objc; path = "UIColor+CY.m"; sourceTree = "<group>"; };
		E7688E561E7A4B400064CD69 /* UIDevice+CY.h */ = {isa = PBXFileReference; fileEncoding = 4; lastKnownFileType = sourcecode.c.h; path = "UIDevice+CY.h"; sourceTree = "<group>"; };
		E7688E571E7A4B400064CD69 /* UIDevice+CY.m */ = {isa = PBXFileReference; fileEncoding = 4; lastKnownFileType = sourcecode.c.objc; path = "UIDevice+CY.m"; sourceTree = "<group>"; };
		E7688E581E7A4B400064CD69 /* UIImage+CY.h */ = {isa = PBXFileReference; fileEncoding = 4; lastKnownFileType = sourcecode.c.h; path = "UIImage+CY.h"; sourceTree = "<group>"; };
		E7688E591E7A4B400064CD69 /* UIImage+CY.m */ = {isa = PBXFileReference; fileEncoding = 4; lastKnownFileType = sourcecode.c.objc; path = "UIImage+CY.m"; sourceTree = "<group>"; };
		E7688E5A1E7A4B400064CD69 /* UILabel+CY.h */ = {isa = PBXFileReference; fileEncoding = 4; lastKnownFileType = sourcecode.c.h; path = "UILabel+CY.h"; sourceTree = "<group>"; };
		E7688E5B1E7A4B400064CD69 /* UILabel+CY.m */ = {isa = PBXFileReference; fileEncoding = 4; lastKnownFileType = sourcecode.c.objc; path = "UILabel+CY.m"; sourceTree = "<group>"; };
		E7688E5E1E7A4B400064CD69 /* UIView+CY.h */ = {isa = PBXFileReference; fileEncoding = 4; lastKnownFileType = sourcecode.c.h; path = "UIView+CY.h"; sourceTree = "<group>"; };
		E7688E5F1E7A4B400064CD69 /* UIView+CY.m */ = {isa = PBXFileReference; fileEncoding = 4; lastKnownFileType = sourcecode.c.objc; path = "UIView+CY.m"; sourceTree = "<group>"; };
		E7688E621E7A4B400064CD69 /* ValueChecker.h */ = {isa = PBXFileReference; fileEncoding = 4; lastKnownFileType = sourcecode.c.h; path = ValueChecker.h; sourceTree = "<group>"; };
		E7688E631E7A4B400064CD69 /* CYFramework.h */ = {isa = PBXFileReference; fileEncoding = 4; lastKnownFileType = sourcecode.c.h; path = CYFramework.h; sourceTree = "<group>"; };
		E7688E6B1E7A4B400064CD69 /* CY01BorderLineView.h */ = {isa = PBXFileReference; fileEncoding = 4; lastKnownFileType = sourcecode.c.h; path = CY01BorderLineView.h; sourceTree = "<group>"; };
		E7688E6C1E7A4B400064CD69 /* CY01BorderLineView.m */ = {isa = PBXFileReference; fileEncoding = 4; lastKnownFileType = sourcecode.c.objc; path = CY01BorderLineView.m; sourceTree = "<group>"; };
		E7688E6D1E7A4B400064CD69 /* CYHeadImageToBig.h */ = {isa = PBXFileReference; fileEncoding = 4; lastKnownFileType = sourcecode.c.h; path = CYHeadImageToBig.h; sourceTree = "<group>"; };
		E7688E6E1E7A4B400064CD69 /* CYHeadImageToBig.m */ = {isa = PBXFileReference; fileEncoding = 4; lastKnownFileType = sourcecode.c.objc; path = CYHeadImageToBig.m; sourceTree = "<group>"; };
		E7688E6F1E7A4B400064CD69 /* CYTitleButton.h */ = {isa = PBXFileReference; fileEncoding = 4; lastKnownFileType = sourcecode.c.h; path = CYTitleButton.h; sourceTree = "<group>"; };
		E7688E701E7A4B400064CD69 /* CYTitleButton.m */ = {isa = PBXFileReference; fileEncoding = 4; lastKnownFileType = sourcecode.c.objc; path = CYTitleButton.m; sourceTree = "<group>"; };
		E7688E891E7A4C780064CD69 /* CYNetworkUtility.h */ = {isa = PBXFileReference; fileEncoding = 4; lastKnownFileType = sourcecode.c.h; path = CYNetworkUtility.h; sourceTree = "<group>"; };
		E7688E8A1E7A4C780064CD69 /* CYNetworkUtility.m */ = {isa = PBXFileReference; fileEncoding = 4; lastKnownFileType = sourcecode.c.objc; path = CYNetworkUtility.m; sourceTree = "<group>"; };
		E7688E8C1E7A51DE0064CD69 /* CYAudioUtility.h */ = {isa = PBXFileReference; fileEncoding = 4; lastKnownFileType = sourcecode.c.h; path = CYAudioUtility.h; sourceTree = "<group>"; };
		E7688E8D1E7A51DE0064CD69 /* CYAudioUtility.m */ = {isa = PBXFileReference; fileEncoding = 4; lastKnownFileType = sourcecode.c.objc; path = CYAudioUtility.m; sourceTree = "<group>"; };
		E7722E571F42D64300BBE9B6 /* CYMapManager.h */ = {isa = PBXFileReference; fileEncoding = 4; lastKnownFileType = sourcecode.c.h; path = CYMapManager.h; sourceTree = "<group>"; };
		E7722E581F42D64300BBE9B6 /* CYMapManager.m */ = {isa = PBXFileReference; fileEncoding = 4; lastKnownFileType = sourcecode.c.objc; path = CYMapManager.m; sourceTree = "<group>"; };
		E78A996921421730002A9803 /* CYLocationManager.h */ = {isa = PBXFileReference; fileEncoding = 4; lastKnownFileType = sourcecode.c.h; path = CYLocationManager.h; sourceTree = "<group>"; };
		E78A996A21421731002A9803 /* CYLocationManager.m */ = {isa = PBXFileReference; fileEncoding = 4; lastKnownFileType = sourcecode.c.objc; path = CYLocationManager.m; sourceTree = "<group>"; };
		E78A996C214217F1002A9803 /* CYCustomSearchBar.h */ = {isa = PBXFileReference; fileEncoding = 4; lastKnownFileType = sourcecode.c.h; path = CYCustomSearchBar.h; sourceTree = "<group>"; };
		E78A996D214217F1002A9803 /* CYCustomSearchBar.m */ = {isa = PBXFileReference; fileEncoding = 4; lastKnownFileType = sourcecode.c.objc; path = CYCustomSearchBar.m; sourceTree = "<group>"; };
		E78F91611E9CDE8D0033E336 /* UIControl+CY.h */ = {isa = PBXFileReference; fileEncoding = 4; lastKnownFileType = sourcecode.c.h; path = "UIControl+CY.h"; sourceTree = "<group>"; };
		E78F91621E9CDE8D0033E336 /* UIControl+CY.m */ = {isa = PBXFileReference; fileEncoding = 4; lastKnownFileType = sourcecode.c.objc; path = "UIControl+CY.m"; sourceTree = "<group>"; };
		E7A226AC1FAC021600CF65A1 /* UIButton+CYRoundTouch.m */ = {isa = PBXFileReference; fileEncoding = 4; lastKnownFileType = sourcecode.c.objc; path = "UIButton+CYRoundTouch.m"; sourceTree = "<group>"; };
		E7A226AD1FAC021600CF65A1 /* UIButton+CYRoundTouch.h */ = {isa = PBXFileReference; fileEncoding = 4; lastKnownFileType = sourcecode.c.h; path = "UIButton+CYRoundTouch.h"; sourceTree = "<group>"; };
		E7BB58DB1FB19C310026BFD9 /* UIView+CYBoom.h */ = {isa = PBXFileReference; lastKnownFileType = sourcecode.c.h; path = "UIView+CYBoom.h"; sourceTree = "<group>"; };
		E7BB58DC1FB19C310026BFD9 /* UIView+CYBoom.m */ = {isa = PBXFileReference; lastKnownFileType = sourcecode.c.objc; path = "UIView+CYBoom.m"; sourceTree = "<group>"; };
		E7F40585216B2A6E00B27415 /* ArrayDemo.h */ = {isa = PBXFileReference; lastKnownFileType = sourcecode.c.h; path = ArrayDemo.h; sourceTree = "<group>"; };
		E7F40586216B2A6E00B27415 /* ArrayDemo.m */ = {isa = PBXFileReference; lastKnownFileType = sourcecode.c.objc; path = ArrayDemo.m; sourceTree = "<group>"; };
		E7F4058B216C876500B27415 /* CYRoundedButton.h */ = {isa = PBXFileReference; lastKnownFileType = sourcecode.c.h; path = CYRoundedButton.h; sourceTree = "<group>"; };
		E7F4058C216C876500B27415 /* CYRoundedButton.m */ = {isa = PBXFileReference; lastKnownFileType = sourcecode.c.objc; path = CYRoundedButton.m; sourceTree = "<group>"; };
		E7F4058E216C97FE00B27415 /* WifiInfoViewController.h */ = {isa = PBXFileReference; lastKnownFileType = sourcecode.c.h; path = WifiInfoViewController.h; sourceTree = "<group>"; };
		E7F4058F216C97FE00B27415 /* WifiInfoViewController.m */ = {isa = PBXFileReference; lastKnownFileType = sourcecode.c.objc; path = WifiInfoViewController.m; sourceTree = "<group>"; };
		E7F40591216C980900B27415 /* CYSuperDemo.entitlements */ = {isa = PBXFileReference; lastKnownFileType = text.plist.entitlements; path = CYSuperDemo.entitlements; sourceTree = "<group>"; };
		E7F40592216C9C5900B27415 /* SystemConfiguration.framework */ = {isa = PBXFileReference; lastKnownFileType = wrapper.framework; name = SystemConfiguration.framework; path = System/Library/Frameworks/SystemConfiguration.framework; sourceTree = SDKROOT; };
		E7F40594216C9F4F00B27415 /* CYWifiManager.h */ = {isa = PBXFileReference; lastKnownFileType = sourcecode.c.h; path = CYWifiManager.h; sourceTree = "<group>"; };
		E7F40595216C9F4F00B27415 /* CYWifiManager.m */ = {isa = PBXFileReference; lastKnownFileType = sourcecode.c.objc; path = CYWifiManager.m; sourceTree = "<group>"; };
		F508F110EBD8B2E7A7049B7A /* Pods-CYSuperDemo.debug.xcconfig */ = {isa = PBXFileReference; includeInIndex = 1; lastKnownFileType = text.xcconfig; name = "Pods-CYSuperDemo.debug.xcconfig"; path = "Pods/Target Support Files/Pods-CYSuperDemo/Pods-CYSuperDemo.debug.xcconfig"; sourceTree = "<group>"; };
/* End PBXFileReference section */

/* Begin PBXFrameworksBuildPhase section */
		E70616BD1E795BF200762B56 /* Frameworks */ = {
			isa = PBXFrameworksBuildPhase;
			buildActionMask = 2147483647;
			files = (
				E7F40593216C9C5900B27415 /* SystemConfiguration.framework in Frameworks */,
				C01E983CCF629EC207CFB2C4 /* libPods-CYSuperDemo.a in Frameworks */,
			);
			runOnlyForDeploymentPostprocessing = 0;
		};
		E70616D61E795BF200762B56 /* Frameworks */ = {
			isa = PBXFrameworksBuildPhase;
			buildActionMask = 2147483647;
			files = (
			);
			runOnlyForDeploymentPostprocessing = 0;
		};
		E70616E11E795BF200762B56 /* Frameworks */ = {
			isa = PBXFrameworksBuildPhase;
			buildActionMask = 2147483647;
			files = (
			);
			runOnlyForDeploymentPostprocessing = 0;
		};
/* End PBXFrameworksBuildPhase section */

/* Begin PBXGroup section */
		3582003E5D7A95955E54D1AF /* Pods */ = {
			isa = PBXGroup;
			children = (
				F508F110EBD8B2E7A7049B7A /* Pods-CYSuperDemo.debug.xcconfig */,
				4CF91AFD3609077EE9187046 /* Pods-CYSuperDemo.release.xcconfig */,
			);
			name = Pods;
			sourceTree = "<group>";
		};
		90BDAA71ABA9BF39286FE6BD /* Frameworks */ = {
			isa = PBXGroup;
			children = (
				E7F40592216C9C5900B27415 /* SystemConfiguration.framework */,
				344EDD8AA1F49F50EA6CB319 /* libPods-CYSuperDemo.a */,
			);
			name = Frameworks;
			sourceTree = "<group>";
		};
		E70616B71E795BF200762B56 = {
			isa = PBXGroup;
			children = (
				E70616C21E795BF200762B56 /* CYSuperDemo */,
				E70616DC1E795BF200762B56 /* CYSuperDemoTests */,
				E70616E71E795BF200762B56 /* CYSuperDemoUITests */,
				E70616C11E795BF200762B56 /* Products */,
				3582003E5D7A95955E54D1AF /* Pods */,
				90BDAA71ABA9BF39286FE6BD /* Frameworks */,
			);
			sourceTree = "<group>";
		};
		E70616C11E795BF200762B56 /* Products */ = {
			isa = PBXGroup;
			children = (
				E70616C01E795BF200762B56 /* CYSuperDemo.app */,
				E70616D91E795BF200762B56 /* CYSuperDemoTests.xctest */,
				E70616E41E795BF200762B56 /* CYSuperDemoUITests.xctest */,
			);
			name = Products;
			sourceTree = "<group>";
		};
		E70616C21E795BF200762B56 /* CYSuperDemo */ = {
			isa = PBXGroup;
			children = (
				E7F40591216C980900B27415 /* CYSuperDemo.entitlements */,
				E7688E291E7A48DA0064CD69 /* Classes */,
				E7688E341E7A49150064CD69 /* Utility */,
				E7688E331E7A49150064CD69 /* Resource */,
				E70616C31E795BF200762B56 /* Supporting Files */,
			);
			path = CYSuperDemo;
			sourceTree = "<group>";
		};
		E70616C31E795BF200762B56 /* Supporting Files */ = {
			isa = PBXGroup;
			children = (
				E70616CF1E795BF200762B56 /* Assets.xcassets */,
				E70616D11E795BF200762B56 /* LaunchScreen.storyboard */,
				E70616D41E795BF200762B56 /* Info.plist */,
			);
			name = "Supporting Files";
			sourceTree = "<group>";
		};
		E70616DC1E795BF200762B56 /* CYSuperDemoTests */ = {
			isa = PBXGroup;
			children = (
				E70616DD1E795BF200762B56 /* CYSuperDemoTests.m */,
				E70616DF1E795BF200762B56 /* Info.plist */,
			);
			path = CYSuperDemoTests;
			sourceTree = "<group>";
		};
		E70616E71E795BF200762B56 /* CYSuperDemoUITests */ = {
			isa = PBXGroup;
			children = (
				E70616E81E795BF200762B56 /* CYSuperDemoUITests.m */,
				E70616EA1E795BF200762B56 /* Info.plist */,
			);
			path = CYSuperDemoUITests;
			sourceTree = "<group>";
		};
		E7688E291E7A48DA0064CD69 /* Classes */ = {
			isa = PBXGroup;
			children = (
				E7688E2A1E7A48DA0064CD69 /* Other */,
				E7688E351E7A494A0064CD69 /* ViewController.h */,
				E7688E361E7A494A0064CD69 /* ViewController.m */,
				E7F40585216B2A6E00B27415 /* ArrayDemo.h */,
				E7F40586216B2A6E00B27415 /* ArrayDemo.m */,
				E7F4058E216C97FE00B27415 /* WifiInfoViewController.h */,
				E7F4058F216C97FE00B27415 /* WifiInfoViewController.m */,
				E7F40594216C9F4F00B27415 /* CYWifiManager.h */,
				E7F40595216C9F4F00B27415 /* CYWifiManager.m */,
			);
			path = Classes;
			sourceTree = "<group>";
		};
		E7688E2A1E7A48DA0064CD69 /* Other */ = {
			isa = PBXGroup;
			children = (
				E7688E2B1E7A48DA0064CD69 /* AppDelegate.h */,
				E7688E2C1E7A48DA0064CD69 /* AppDelegate.m */,
				E7688E2D1E7A48DA0064CD69 /* main.m */,
			);
			path = Other;
			sourceTree = "<group>";
		};
		E7688E331E7A49150064CD69 /* Resource */ = {
			isa = PBXGroup;
			children = (
			);
			path = Resource;
			sourceTree = "<group>";
		};
		E7688E341E7A49150064CD69 /* Utility */ = {
			isa = PBXGroup;
			children = (
				E7688E381E7A4B400064CD69 /* CYFramework */,
			);
			path = Utility;
			sourceTree = "<group>";
		};
		E7688E381E7A4B400064CD69 /* CYFramework */ = {
			isa = PBXGroup;
			children = (
				E7688E631E7A4B400064CD69 /* CYFramework.h */,
				E7688E391E7A4B400064CD69 /* Category */,
				E7688E641E7A4B400064CD69 /* Tool */,
				E7688E6A1E7A4B400064CD69 /* Views */,
			);
			path = CYFramework;
			sourceTree = "<group>";
		};
		E7688E391E7A4B400064CD69 /* Category */ = {
			isa = PBXGroup;
			children = (
				E7688E3C1E7A4B400064CD69 /* CYExtension.h */,
				E7581060216F4D71009BB5C8 /* CYCategories.h */,
				E7688E411E7A4B400064CD69 /* Foundation */,
				E7688E4D1E7A4B400064CD69 /* UIKit */,
				E7688E3A1E7A4B400064CD69 /* CALayer+CY.h */,
				E7688E3B1E7A4B400064CD69 /* CALayer+CY.m */,
				E7688E3D1E7A4B400064CD69 /* CYKit.h */,
				E7688E3E1E7A4B400064CD69 /* CYKit.m */,
				E7688E3F1E7A4B400064CD69 /* CYTopWindow.h */,
				E7688E401E7A4B400064CD69 /* CYTopWindow.m */,
				E7688E891E7A4C780064CD69 /* CYNetworkUtility.h */,
				E7688E8A1E7A4C780064CD69 /* CYNetworkUtility.m */,
				E7688E8C1E7A51DE0064CD69 /* CYAudioUtility.h */,
				E7688E8D1E7A51DE0064CD69 /* CYAudioUtility.m */,
				E7688E4A1E7A4B400064CD69 /* Foundation+Log.m */,
				E7688E621E7A4B400064CD69 /* ValueChecker.h */,
			);
			path = Category;
			sourceTree = "<group>";
		};
		E7688E411E7A4B400064CD69 /* Foundation */ = {
			isa = PBXGroup;
			children = (
				E7688E421E7A4B400064CD69 /* NSArray+CY.h */,
				E7688E431E7A4B400064CD69 /* NSArray+CY.m */,
				E717E8561FAAE69E006E5695 /* NSDictionary+CY.h */,
				E717E8571FAAE69E006E5695 /* NSDictionary+CY.m */,
				E717E8591FAAE6B3006E5695 /* NSDate+CY.h */,
				E717E85A1FAAE6B3006E5695 /* NSDate+CY.m */,
				E7688E441E7A4B400064CD69 /* NSData+CY.h */,
				E7688E451E7A4B400064CD69 /* NSData+CY.m */,
				E7688E461E7A4B400064CD69 /* NSObject+CY.h */,
				E7688E471E7A4B400064CD69 /* NSObject+CY.m */,
				E7688E481E7A4B400064CD69 /* NSString+CY.h */,
				E7688E491E7A4B400064CD69 /* NSString+CY.m */,
			);
			path = Foundation;
			sourceTree = "<group>";
		};
		E7688E4D1E7A4B400064CD69 /* UIKit */ = {
			isa = PBXGroup;
			children = (
				E7688E4E1E7A4B400064CD69 /* UIAlertController+CY.h */,
				E7688E4F1E7A4B400064CD69 /* UIAlertController+CY.m */,
				E7688E501E7A4B400064CD69 /* UIButton+CY.h */,
				E7688E511E7A4B400064CD69 /* UIButton+CY.m */,
				E78F91611E9CDE8D0033E336 /* UIControl+CY.h */,
				E78F91621E9CDE8D0033E336 /* UIControl+CY.m */,
				E7688E521E7A4B400064CD69 /* UIButton+TapScope.h */,
				E7688E531E7A4B400064CD69 /* UIButton+TapScope.m */,
				E7688E4B1E7A4B400064CD69 /* UIButton+CYTouch.h */,
				E7688E4C1E7A4B400064CD69 /* UIButton+CYTouch.m */,
				E7A226AD1FAC021600CF65A1 /* UIButton+CYRoundTouch.h */,
				E7A226AC1FAC021600CF65A1 /* UIButton+CYRoundTouch.m */,
				E7688E541E7A4B400064CD69 /* UIColor+CY.h */,
				E7688E551E7A4B400064CD69 /* UIColor+CY.m */,
				E7688E561E7A4B400064CD69 /* UIDevice+CY.h */,
				E7688E571E7A4B400064CD69 /* UIDevice+CY.m */,
				E7688E581E7A4B400064CD69 /* UIImage+CY.h */,
				E7688E591E7A4B400064CD69 /* UIImage+CY.m */,
				E7688E5A1E7A4B400064CD69 /* UILabel+CY.h */,
				E7688E5B1E7A4B400064CD69 /* UILabel+CY.m */,
				E7688E5E1E7A4B400064CD69 /* UIView+CY.h */,
				E7688E5F1E7A4B400064CD69 /* UIView+CY.m */,
				E7560DD51EAEE91F00BDF928 /* UIView+CYDisplay.h */,
				E7560DD61EAEE91F00BDF928 /* UIView+CYDisplay.m */,
				E7BB58DB1FB19C310026BFD9 /* UIView+CYBoom.h */,
				E7BB58DC1FB19C310026BFD9 /* UIView+CYBoom.m */,
				E717E85C1FAAE80B006E5695 /* UIWebView+CY.h */,
				E717E85D1FAAE80B006E5695 /* UIWebView+CY.m */,
			);
			path = UIKit;
			sourceTree = "<group>";
		};
		E7688E641E7A4B400064CD69 /* Tool */ = {
			isa = PBXGroup;
			children = (
				E78A996921421730002A9803 /* CYLocationManager.h */,
				E78A996A21421731002A9803 /* CYLocationManager.m */,
				E7722E571F42D64300BBE9B6 /* CYMapManager.h */,
				E7722E581F42D64300BBE9B6 /* CYMapManager.m */,
			);
			path = Tool;
			sourceTree = "<group>";
		};
		E7688E6A1E7A4B400064CD69 /* Views */ = {
			isa = PBXGroup;
			children = (
				E78A996C214217F1002A9803 /* CYCustomSearchBar.h */,
				E78A996D214217F1002A9803 /* CYCustomSearchBar.m */,
				E7688E6B1E7A4B400064CD69 /* CY01BorderLineView.h */,
				E7688E6C1E7A4B400064CD69 /* CY01BorderLineView.m */,
				E7688E6D1E7A4B400064CD69 /* CYHeadImageToBig.h */,
				E7688E6E1E7A4B400064CD69 /* CYHeadImageToBig.m */,
				E7688E6F1E7A4B400064CD69 /* CYTitleButton.h */,
				E7688E701E7A4B400064CD69 /* CYTitleButton.m */,
				E7F4058B216C876500B27415 /* CYRoundedButton.h */,
				E7F4058C216C876500B27415 /* CYRoundedButton.m */,
			);
			path = Views;
			sourceTree = "<group>";
		};
/* End PBXGroup section */

/* Begin PBXNativeTarget section */
		E70616BF1E795BF200762B56 /* CYSuperDemo */ = {
			isa = PBXNativeTarget;
			buildConfigurationList = E70616ED1E795BF200762B56 /* Build configuration list for PBXNativeTarget "CYSuperDemo" */;
			buildPhases = (
				19CAEBC815547DAC6D831513 /* [CP] Check Pods Manifest.lock */,
				E70616BC1E795BF200762B56 /* Sources */,
				E70616BD1E795BF200762B56 /* Frameworks */,
				E70616BE1E795BF200762B56 /* Resources */,
				A4EC3D04773514EEF87F5562 /* [CP] Copy Pods Resources */,
			);
			buildRules = (
			);
			dependencies = (
			);
			name = CYSuperDemo;
			productName = CYSuperDemo;
			productReference = E70616C01E795BF200762B56 /* CYSuperDemo.app */;
			productType = "com.apple.product-type.application";
		};
		E70616D81E795BF200762B56 /* CYSuperDemoTests */ = {
			isa = PBXNativeTarget;
			buildConfigurationList = E70616F01E795BF200762B56 /* Build configuration list for PBXNativeTarget "CYSuperDemoTests" */;
			buildPhases = (
				E70616D51E795BF200762B56 /* Sources */,
				E70616D61E795BF200762B56 /* Frameworks */,
				E70616D71E795BF200762B56 /* Resources */,
			);
			buildRules = (
			);
			dependencies = (
				E70616DB1E795BF200762B56 /* PBXTargetDependency */,
			);
			name = CYSuperDemoTests;
			productName = CYSuperDemoTests;
			productReference = E70616D91E795BF200762B56 /* CYSuperDemoTests.xctest */;
			productType = "com.apple.product-type.bundle.unit-test";
		};
		E70616E31E795BF200762B56 /* CYSuperDemoUITests */ = {
			isa = PBXNativeTarget;
			buildConfigurationList = E70616F31E795BF200762B56 /* Build configuration list for PBXNativeTarget "CYSuperDemoUITests" */;
			buildPhases = (
				E70616E01E795BF200762B56 /* Sources */,
				E70616E11E795BF200762B56 /* Frameworks */,
				E70616E21E795BF200762B56 /* Resources */,
			);
			buildRules = (
			);
			dependencies = (
				E70616E61E795BF200762B56 /* PBXTargetDependency */,
			);
			name = CYSuperDemoUITests;
			productName = CYSuperDemoUITests;
			productReference = E70616E41E795BF200762B56 /* CYSuperDemoUITests.xctest */;
			productType = "com.apple.product-type.bundle.ui-testing";
		};
/* End PBXNativeTarget section */

/* Begin PBXProject section */
		E70616B81E795BF200762B56 /* Project object */ = {
			isa = PBXProject;
			attributes = {
				LastUpgradeCheck = 0820;
				ORGANIZATIONNAME = Cyrill;
				TargetAttributes = {
					E70616BF1E795BF200762B56 = {
						CreatedOnToolsVersion = 8.2.1;
						DevelopmentTeam = JXJV99SFC3;
						ProvisioningStyle = Automatic;
						SystemCapabilities = {
							com.apple.AccessWiFi = {
								enabled = 1;
							};
							com.apple.AutoFillCredentialProvider = {
								enabled = 0;
							};
							com.apple.NetworkExtensions.iOS = {
								enabled = 0;
							};
							com.apple.Push = {
								enabled = 0;
							};
							com.apple.SafariKeychain = {
								enabled = 1;
							};
							com.apple.iCloud = {
								enabled = 0;
							};
						};
					};
					E70616D81E795BF200762B56 = {
						CreatedOnToolsVersion = 8.2.1;
						DevelopmentTeam = JXJV99SFC3;
						ProvisioningStyle = Automatic;
						TestTargetID = E70616BF1E795BF200762B56;
					};
					E70616E31E795BF200762B56 = {
						CreatedOnToolsVersion = 8.2.1;
						DevelopmentTeam = JXJV99SFC3;
						ProvisioningStyle = Automatic;
						TestTargetID = E70616BF1E795BF200762B56;
					};
				};
			};
			buildConfigurationList = E70616BB1E795BF200762B56 /* Build configuration list for PBXProject "CYSuperDemo" */;
			compatibilityVersion = "Xcode 3.2";
			developmentRegion = English;
			hasScannedForEncodings = 0;
			knownRegions = (
				en,
				Base,
			);
			mainGroup = E70616B71E795BF200762B56;
			productRefGroup = E70616C11E795BF200762B56 /* Products */;
			projectDirPath = "";
			projectRoot = "";
			targets = (
				E70616BF1E795BF200762B56 /* CYSuperDemo */,
				E70616D81E795BF200762B56 /* CYSuperDemoTests */,
				E70616E31E795BF200762B56 /* CYSuperDemoUITests */,
			);
		};
/* End PBXProject section */

/* Begin PBXResourcesBuildPhase section */
		E70616BE1E795BF200762B56 /* Resources */ = {
			isa = PBXResourcesBuildPhase;
			buildActionMask = 2147483647;
			files = (
				E70616D31E795BF200762B56 /* LaunchScreen.storyboard in Resources */,
				E70616D01E795BF200762B56 /* Assets.xcassets in Resources */,
			);
			runOnlyForDeploymentPostprocessing = 0;
		};
		E70616D71E795BF200762B56 /* Resources */ = {
			isa = PBXResourcesBuildPhase;
			buildActionMask = 2147483647;
			files = (
			);
			runOnlyForDeploymentPostprocessing = 0;
		};
		E70616E21E795BF200762B56 /* Resources */ = {
			isa = PBXResourcesBuildPhase;
			buildActionMask = 2147483647;
			files = (
			);
			runOnlyForDeploymentPostprocessing = 0;
		};
/* End PBXResourcesBuildPhase section */

/* Begin PBXShellScriptBuildPhase section */
		19CAEBC815547DAC6D831513 /* [CP] Check Pods Manifest.lock */ = {
			isa = PBXShellScriptBuildPhase;
			buildActionMask = 2147483647;
			files = (
			);
			inputPaths = (
				"${PODS_PODFILE_DIR_PATH}/Podfile.lock",
				"${PODS_ROOT}/Manifest.lock",
			);
			name = "[CP] Check Pods Manifest.lock";
			outputPaths = (
				"$(DERIVED_FILE_DIR)/Pods-CYSuperDemo-checkManifestLockResult.txt",
			);
			runOnlyForDeploymentPostprocessing = 0;
			shellPath = /bin/sh;
			shellScript = "diff \"${PODS_PODFILE_DIR_PATH}/Podfile.lock\" \"${PODS_ROOT}/Manifest.lock\" > /dev/null\nif [ $? != 0 ] ; then\n    # print error to STDERR\n    echo \"error: The sandbox is not in sync with the Podfile.lock. Run 'pod install' or update your CocoaPods installation.\" >&2\n    exit 1\nfi\n# This output is used by Xcode 'outputs' to avoid re-running this script phase.\necho \"SUCCESS\" > \"${SCRIPT_OUTPUT_FILE_0}\"\n";
			showEnvVarsInLog = 0;
		};
		A4EC3D04773514EEF87F5562 /* [CP] Copy Pods Resources */ = {
			isa = PBXShellScriptBuildPhase;
			buildActionMask = 2147483647;
			files = (
			);
			inputPaths = (
				"${PODS_ROOT}/Target Support Files/Pods-CYSuperDemo/Pods-CYSuperDemo-resources.sh",
				"${PODS_ROOT}/ABCalendarPicker/ABCalendarPicker/GradientBar.png",
				"${PODS_ROOT}/ABCalendarPicker/ABCalendarPicker/TileDisabledSelected.png",
				"${PODS_ROOT}/ABCalendarPicker/ABCalendarPicker/TileNormal.png",
				"${PODS_ROOT}/ABCalendarPicker/ABCalendarPicker/TilePattern.png",
				"${PODS_ROOT}/ABCalendarPicker/ABCalendarPicker/TileSelected.png",
				"${PODS_ROOT}/ABCalendarPicker/ABCalendarPicker/TileToday.png",
				"${PODS_ROOT}/ABCalendarPicker/ABCalendarPicker/TileTodaySelected.png",
				"${PODS_ROOT}/AwesomeMenu/AwesomeMenu/Images/bg-addbutton-highlighted.png",
				"${PODS_ROOT}/AwesomeMenu/AwesomeMenu/Images/bg-addbutton-highlighted@2x.png",
				"${PODS_ROOT}/AwesomeMenu/AwesomeMenu/Images/bg-addbutton.png",
				"${PODS_ROOT}/AwesomeMenu/AwesomeMenu/Images/bg-addbutton@2x.png",
				"${PODS_ROOT}/AwesomeMenu/AwesomeMenu/Images/bg-menuitem-highlighted.png",
				"${PODS_ROOT}/AwesomeMenu/AwesomeMenu/Images/bg-menuitem-highlighted@2x.png",
				"${PODS_ROOT}/AwesomeMenu/AwesomeMenu/Images/bg-menuitem.png",
				"${PODS_ROOT}/AwesomeMenu/AwesomeMenu/Images/bg-menuitem@2x.png",
				"${PODS_ROOT}/AwesomeMenu/AwesomeMenu/Images/icon-plus-highlighted.png",
				"${PODS_ROOT}/AwesomeMenu/AwesomeMenu/Images/icon-plus-highlighted@2x.png",
				"${PODS_ROOT}/AwesomeMenu/AwesomeMenu/Images/icon-plus.png",
				"${PODS_ROOT}/AwesomeMenu/AwesomeMenu/Images/icon-plus@2x.png",
				"${PODS_ROOT}/AwesomeMenu/AwesomeMenu/Images/icon-star.png",
				"${PODS_ROOT}/AwesomeMenu/AwesomeMenu/Images/icon-star@2x.png",
				"${PODS_ROOT}/BButton/BButton/resources/FontAwesome.ttf",
				"${PODS_ROOT}/DateTools/DateTools/DateTools.bundle",
				"${PODS_CONFIGURATION_BUILD_DIR}/DeviceUtil/DeviceUtil.bundle",
				"${PODS_ROOT}/IQKeyboardManager/IQKeyBoardManager/Resources/IQKeyboardManager.bundle",
				"${PODS_ROOT}/MJRefresh/MJRefresh/MJRefresh.bundle",
				"${PODS_CONFIGURATION_BUILD_DIR}/MWPhotoBrowser/MWPhotoBrowser.bundle",
				"${PODS_CONFIGURATION_BUILD_DIR}/RETableViewManager/RETableViewManager.bundle",
				"${PODS_ROOT}/SVProgressHUD/SVProgressHUD/SVProgressHUD.bundle",
				"${PODS_ROOT}/StyledPageControl/StyledPageControlDemo/PageControlDemo/Resources/pagecontrol-thumb-normal.png",
				"${PODS_ROOT}/StyledPageControl/StyledPageControlDemo/PageControlDemo/Resources/pagecontrol-thumb-normal@2x.png",
				"${PODS_ROOT}/StyledPageControl/StyledPageControlDemo/PageControlDemo/Resources/pagecontrol-thumb-selected.png",
				"${PODS_ROOT}/StyledPageControl/StyledPageControlDemo/PageControlDemo/Resources/pagecontrol-thumb-selected@2x.png",
				"${PODS_ROOT}/TSMessages/Pod/Assets/NotificationBackgroundError.png",
				"${PODS_ROOT}/TSMessages/Pod/Assets/NotificationBackgroundError@2x.png",
				"${PODS_ROOT}/TSMessages/Pod/Assets/NotificationBackgroundErrorIcon.png",
				"${PODS_ROOT}/TSMessages/Pod/Assets/NotificationBackgroundErrorIcon@2x.png",
				"${PODS_ROOT}/TSMessages/Pod/Assets/NotificationBackgroundMessage.png",
				"${PODS_ROOT}/TSMessages/Pod/Assets/NotificationBackgroundMessage@2x.png",
				"${PODS_ROOT}/TSMessages/Pod/Assets/NotificationBackgroundSuccess.png",
				"${PODS_ROOT}/TSMessages/Pod/Assets/NotificationBackgroundSuccess@2x.png",
				"${PODS_ROOT}/TSMessages/Pod/Assets/NotificationBackgroundSuccessIcon.png",
				"${PODS_ROOT}/TSMessages/Pod/Assets/NotificationBackgroundSuccessIcon@2x.png",
				"${PODS_ROOT}/TSMessages/Pod/Assets/NotificationBackgroundWarning.png",
				"${PODS_ROOT}/TSMessages/Pod/Assets/NotificationBackgroundWarning@2x.png",
				"${PODS_ROOT}/TSMessages/Pod/Assets/NotificationBackgroundWarningIcon.png",
				"${PODS_ROOT}/TSMessages/Pod/Assets/NotificationBackgroundWarningIcon@2x.png",
				"${PODS_ROOT}/TSMessages/Pod/Assets/NotificationButtonBackground.png",
				"${PODS_ROOT}/TSMessages/Pod/Assets/NotificationButtonBackground@2x.png",
				"${PODS_ROOT}/TSMessages/Pod/Assets/TSMessagesDefaultDesign.json",
				"${PODS_ROOT}/UzysAssetsPickerController/UzysAssetsPickerController/Library/UzysAssetsPickerController.xib",
				"${PODS_ROOT}/UzysAssetsPickerController/UzysAssetsPickerController/Library/UzysAssetPickerController.bundle",
			);
			name = "[CP] Copy Pods Resources";
			outputPaths = (
				"${TARGET_BUILD_DIR}/${UNLOCALIZED_RESOURCES_FOLDER_PATH}/GradientBar.png",
				"${TARGET_BUILD_DIR}/${UNLOCALIZED_RESOURCES_FOLDER_PATH}/TileDisabledSelected.png",
				"${TARGET_BUILD_DIR}/${UNLOCALIZED_RESOURCES_FOLDER_PATH}/TileNormal.png",
				"${TARGET_BUILD_DIR}/${UNLOCALIZED_RESOURCES_FOLDER_PATH}/TilePattern.png",
				"${TARGET_BUILD_DIR}/${UNLOCALIZED_RESOURCES_FOLDER_PATH}/TileSelected.png",
				"${TARGET_BUILD_DIR}/${UNLOCALIZED_RESOURCES_FOLDER_PATH}/TileToday.png",
				"${TARGET_BUILD_DIR}/${UNLOCALIZED_RESOURCES_FOLDER_PATH}/TileTodaySelected.png",
				"${TARGET_BUILD_DIR}/${UNLOCALIZED_RESOURCES_FOLDER_PATH}/bg-addbutton-highlighted.png",
				"${TARGET_BUILD_DIR}/${UNLOCALIZED_RESOURCES_FOLDER_PATH}/bg-addbutton-highlighted@2x.png",
				"${TARGET_BUILD_DIR}/${UNLOCALIZED_RESOURCES_FOLDER_PATH}/bg-addbutton.png",
				"${TARGET_BUILD_DIR}/${UNLOCALIZED_RESOURCES_FOLDER_PATH}/bg-addbutton@2x.png",
				"${TARGET_BUILD_DIR}/${UNLOCALIZED_RESOURCES_FOLDER_PATH}/bg-menuitem-highlighted.png",
				"${TARGET_BUILD_DIR}/${UNLOCALIZED_RESOURCES_FOLDER_PATH}/bg-menuitem-highlighted@2x.png",
				"${TARGET_BUILD_DIR}/${UNLOCALIZED_RESOURCES_FOLDER_PATH}/bg-menuitem.png",
				"${TARGET_BUILD_DIR}/${UNLOCALIZED_RESOURCES_FOLDER_PATH}/bg-menuitem@2x.png",
				"${TARGET_BUILD_DIR}/${UNLOCALIZED_RESOURCES_FOLDER_PATH}/icon-plus-highlighted.png",
				"${TARGET_BUILD_DIR}/${UNLOCALIZED_RESOURCES_FOLDER_PATH}/icon-plus-highlighted@2x.png",
				"${TARGET_BUILD_DIR}/${UNLOCALIZED_RESOURCES_FOLDER_PATH}/icon-plus.png",
				"${TARGET_BUILD_DIR}/${UNLOCALIZED_RESOURCES_FOLDER_PATH}/icon-plus@2x.png",
				"${TARGET_BUILD_DIR}/${UNLOCALIZED_RESOURCES_FOLDER_PATH}/icon-star.png",
				"${TARGET_BUILD_DIR}/${UNLOCALIZED_RESOURCES_FOLDER_PATH}/icon-star@2x.png",
				"${TARGET_BUILD_DIR}/${UNLOCALIZED_RESOURCES_FOLDER_PATH}/FontAwesome.ttf",
				"${TARGET_BUILD_DIR}/${UNLOCALIZED_RESOURCES_FOLDER_PATH}/DateTools.bundle",
				"${TARGET_BUILD_DIR}/${UNLOCALIZED_RESOURCES_FOLDER_PATH}/DeviceUtil.bundle",
				"${TARGET_BUILD_DIR}/${UNLOCALIZED_RESOURCES_FOLDER_PATH}/IQKeyboardManager.bundle",
				"${TARGET_BUILD_DIR}/${UNLOCALIZED_RESOURCES_FOLDER_PATH}/MJRefresh.bundle",
				"${TARGET_BUILD_DIR}/${UNLOCALIZED_RESOURCES_FOLDER_PATH}/MWPhotoBrowser.bundle",
				"${TARGET_BUILD_DIR}/${UNLOCALIZED_RESOURCES_FOLDER_PATH}/RETableViewManager.bundle",
				"${TARGET_BUILD_DIR}/${UNLOCALIZED_RESOURCES_FOLDER_PATH}/SVProgressHUD.bundle",
				"${TARGET_BUILD_DIR}/${UNLOCALIZED_RESOURCES_FOLDER_PATH}/pagecontrol-thumb-normal.png",
				"${TARGET_BUILD_DIR}/${UNLOCALIZED_RESOURCES_FOLDER_PATH}/pagecontrol-thumb-normal@2x.png",
				"${TARGET_BUILD_DIR}/${UNLOCALIZED_RESOURCES_FOLDER_PATH}/pagecontrol-thumb-selected.png",
				"${TARGET_BUILD_DIR}/${UNLOCALIZED_RESOURCES_FOLDER_PATH}/pagecontrol-thumb-selected@2x.png",
				"${TARGET_BUILD_DIR}/${UNLOCALIZED_RESOURCES_FOLDER_PATH}/NotificationBackgroundError.png",
				"${TARGET_BUILD_DIR}/${UNLOCALIZED_RESOURCES_FOLDER_PATH}/NotificationBackgroundError@2x.png",
				"${TARGET_BUILD_DIR}/${UNLOCALIZED_RESOURCES_FOLDER_PATH}/NotificationBackgroundErrorIcon.png",
				"${TARGET_BUILD_DIR}/${UNLOCALIZED_RESOURCES_FOLDER_PATH}/NotificationBackgroundErrorIcon@2x.png",
				"${TARGET_BUILD_DIR}/${UNLOCALIZED_RESOURCES_FOLDER_PATH}/NotificationBackgroundMessage.png",
				"${TARGET_BUILD_DIR}/${UNLOCALIZED_RESOURCES_FOLDER_PATH}/NotificationBackgroundMessage@2x.png",
				"${TARGET_BUILD_DIR}/${UNLOCALIZED_RESOURCES_FOLDER_PATH}/NotificationBackgroundSuccess.png",
				"${TARGET_BUILD_DIR}/${UNLOCALIZED_RESOURCES_FOLDER_PATH}/NotificationBackgroundSuccess@2x.png",
				"${TARGET_BUILD_DIR}/${UNLOCALIZED_RESOURCES_FOLDER_PATH}/NotificationBackgroundSuccessIcon.png",
				"${TARGET_BUILD_DIR}/${UNLOCALIZED_RESOURCES_FOLDER_PATH}/NotificationBackgroundSuccessIcon@2x.png",
				"${TARGET_BUILD_DIR}/${UNLOCALIZED_RESOURCES_FOLDER_PATH}/NotificationBackgroundWarning.png",
				"${TARGET_BUILD_DIR}/${UNLOCALIZED_RESOURCES_FOLDER_PATH}/NotificationBackgroundWarning@2x.png",
				"${TARGET_BUILD_DIR}/${UNLOCALIZED_RESOURCES_FOLDER_PATH}/NotificationBackgroundWarningIcon.png",
				"${TARGET_BUILD_DIR}/${UNLOCALIZED_RESOURCES_FOLDER_PATH}/NotificationBackgroundWarningIcon@2x.png",
				"${TARGET_BUILD_DIR}/${UNLOCALIZED_RESOURCES_FOLDER_PATH}/NotificationButtonBackground.png",
				"${TARGET_BUILD_DIR}/${UNLOCALIZED_RESOURCES_FOLDER_PATH}/NotificationButtonBackground@2x.png",
				"${TARGET_BUILD_DIR}/${UNLOCALIZED_RESOURCES_FOLDER_PATH}/TSMessagesDefaultDesign.json",
				"${TARGET_BUILD_DIR}/${UNLOCALIZED_RESOURCES_FOLDER_PATH}/UzysAssetsPickerController.nib",
				"${TARGET_BUILD_DIR}/${UNLOCALIZED_RESOURCES_FOLDER_PATH}/UzysAssetPickerController.bundle",
			);
			runOnlyForDeploymentPostprocessing = 0;
			shellPath = /bin/sh;
			shellScript = "\"${PODS_ROOT}/Target Support Files/Pods-CYSuperDemo/Pods-CYSuperDemo-resources.sh\"\n";
			showEnvVarsInLog = 0;
		};
/* End PBXShellScriptBuildPhase section */

/* Begin PBXSourcesBuildPhase section */
		E70616BC1E795BF200762B56 /* Sources */ = {
			isa = PBXSourcesBuildPhase;
			buildActionMask = 2147483647;
			files = (
				E7688E861E7A4B400064CD69 /* CY01BorderLineView.m in Sources */,
				E7688E751E7A4B400064CD69 /* NSData+CY.m in Sources */,
				E78A996B21421731002A9803 /* CYLocationManager.m in Sources */,
				E7F4058D216C876500B27415 /* CYRoundedButton.m in Sources */,
				E7722E591F42D64300BBE9B6 /* CYMapManager.m in Sources */,
				E7688E871E7A4B400064CD69 /* CYHeadImageToBig.m in Sources */,
				E717E85B1FAAE6B3006E5695 /* NSDate+CY.m in Sources */,
				E7F40596216C9F4F00B27415 /* CYWifiManager.m in Sources */,
				E7560DD71EAEE91F00BDF928 /* UIView+CYDisplay.m in Sources */,
				E7688E791E7A4B400064CD69 /* UIButton+CYTouch.m in Sources */,
				E7688E771E7A4B400064CD69 /* NSString+CY.m in Sources */,
				E7688E371E7A494A0064CD69 /* ViewController.m in Sources */,
				E7688E821E7A4B400064CD69 /* UIView+CY.m in Sources */,
				E7688E801E7A4B400064CD69 /* UILabel+CY.m in Sources */,
				E7688E311E7A48DA0064CD69 /* main.m in Sources */,
				E7688E7B1E7A4B400064CD69 /* UIButton+CY.m in Sources */,
				E7BB58DD1FB19C310026BFD9 /* UIView+CYBoom.m in Sources */,
				E7688E7E1E7A4B400064CD69 /* UIDevice+CY.m in Sources */,
				E7688E301E7A48DA0064CD69 /* AppDelegate.m in Sources */,
				E7688E781E7A4B400064CD69 /* Foundation+Log.m in Sources */,
				E7F40590216C97FE00B27415 /* WifiInfoViewController.m in Sources */,
				E7688E7F1E7A4B400064CD69 /* UIImage+CY.m in Sources */,
				E7688E7A1E7A4B400064CD69 /* UIAlertController+CY.m in Sources */,
				E7688E7C1E7A4B400064CD69 /* UIButton+TapScope.m in Sources */,
				E717E8581FAAE69E006E5695 /* NSDictionary+CY.m in Sources */,
				E7688E711E7A4B400064CD69 /* CALayer+CY.m in Sources */,
				E7688E881E7A4B400064CD69 /* CYTitleButton.m in Sources */,
				E717E85E1FAAE80B006E5695 /* UIWebView+CY.m in Sources */,
				E7688E7D1E7A4B400064CD69 /* UIColor+CY.m in Sources */,
				E7688E741E7A4B400064CD69 /* NSArray+CY.m in Sources */,
				E7688E721E7A4B400064CD69 /* CYKit.m in Sources */,
				E7688E761E7A4B400064CD69 /* NSObject+CY.m in Sources */,
				E7688E731E7A4B400064CD69 /* CYTopWindow.m in Sources */,
				E7F40587216B2A6E00B27415 /* ArrayDemo.m in Sources */,
				E78A996E214217F1002A9803 /* CYCustomSearchBar.m in Sources */,
				E7688E8E1E7A51DE0064CD69 /* CYAudioUtility.m in Sources */,
				E7688E8B1E7A4C780064CD69 /* CYNetworkUtility.m in Sources */,
				E7A226AE1FAC021600CF65A1 /* UIButton+CYRoundTouch.m in Sources */,
				E78F91631E9CDE8D0033E336 /* UIControl+CY.m in Sources */,
			);
			runOnlyForDeploymentPostprocessing = 0;
		};
		E70616D51E795BF200762B56 /* Sources */ = {
			isa = PBXSourcesBuildPhase;
			buildActionMask = 2147483647;
			files = (
				E70616DE1E795BF200762B56 /* CYSuperDemoTests.m in Sources */,
			);
			runOnlyForDeploymentPostprocessing = 0;
		};
		E70616E01E795BF200762B56 /* Sources */ = {
			isa = PBXSourcesBuildPhase;
			buildActionMask = 2147483647;
			files = (
				E70616E91E795BF200762B56 /* CYSuperDemoUITests.m in Sources */,
			);
			runOnlyForDeploymentPostprocessing = 0;
		};
/* End PBXSourcesBuildPhase section */

/* Begin PBXTargetDependency section */
		E70616DB1E795BF200762B56 /* PBXTargetDependency */ = {
			isa = PBXTargetDependency;
			target = E70616BF1E795BF200762B56 /* CYSuperDemo */;
			targetProxy = E70616DA1E795BF200762B56 /* PBXContainerItemProxy */;
		};
		E70616E61E795BF200762B56 /* PBXTargetDependency */ = {
			isa = PBXTargetDependency;
			target = E70616BF1E795BF200762B56 /* CYSuperDemo */;
			targetProxy = E70616E51E795BF200762B56 /* PBXContainerItemProxy */;
		};
/* End PBXTargetDependency section */

/* Begin PBXVariantGroup section */
		E70616D11E795BF200762B56 /* LaunchScreen.storyboard */ = {
			isa = PBXVariantGroup;
			children = (
				E70616D21E795BF200762B56 /* Base */,
			);
			name = LaunchScreen.storyboard;
			sourceTree = "<group>";
		};
/* End PBXVariantGroup section */

/* Begin XCBuildConfiguration section */
		E70616EB1E795BF200762B56 /* Debug */ = {
			isa = XCBuildConfiguration;
			buildSettings = {
				ALWAYS_SEARCH_USER_PATHS = NO;
				CLANG_ANALYZER_NONNULL = YES;
				CLANG_CXX_LANGUAGE_STANDARD = "gnu++0x";
				CLANG_CXX_LIBRARY = "libc++";
				CLANG_ENABLE_MODULES = YES;
				CLANG_ENABLE_OBJC_ARC = YES;
				CLANG_WARN_BOOL_CONVERSION = YES;
				CLANG_WARN_CONSTANT_CONVERSION = YES;
				CLANG_WARN_DIRECT_OBJC_ISA_USAGE = YES_ERROR;
				CLANG_WARN_DOCUMENTATION_COMMENTS = YES;
				CLANG_WARN_EMPTY_BODY = YES;
				CLANG_WARN_ENUM_CONVERSION = YES;
				CLANG_WARN_INFINITE_RECURSION = YES;
				CLANG_WARN_INT_CONVERSION = YES;
				CLANG_WARN_OBJC_ROOT_CLASS = YES_ERROR;
				CLANG_WARN_SUSPICIOUS_MOVE = YES;
				CLANG_WARN_UNREACHABLE_CODE = YES;
				CLANG_WARN__DUPLICATE_METHOD_MATCH = YES;
				"CODE_SIGN_IDENTITY[sdk=iphoneos*]" = "iPhone Developer";
				COPY_PHASE_STRIP = NO;
				DEBUG_INFORMATION_FORMAT = dwarf;
				ENABLE_STRICT_OBJC_MSGSEND = YES;
				ENABLE_TESTABILITY = YES;
				GCC_C_LANGUAGE_STANDARD = gnu99;
				GCC_DYNAMIC_NO_PIC = NO;
				GCC_NO_COMMON_BLOCKS = YES;
				GCC_OPTIMIZATION_LEVEL = 0;
				GCC_PREPROCESSOR_DEFINITIONS = (
					"DEBUG=1",
					"$(inherited)",
				);
				GCC_WARN_64_TO_32_BIT_CONVERSION = YES;
				GCC_WARN_ABOUT_RETURN_TYPE = YES_ERROR;
				GCC_WARN_UNDECLARED_SELECTOR = YES;
				GCC_WARN_UNINITIALIZED_AUTOS = YES_AGGRESSIVE;
				GCC_WARN_UNUSED_FUNCTION = YES;
				GCC_WARN_UNUSED_VARIABLE = YES;
				IPHONEOS_DEPLOYMENT_TARGET = 10.2;
				MTL_ENABLE_DEBUG_INFO = YES;
				ONLY_ACTIVE_ARCH = YES;
				SDKROOT = iphoneos;
			};
			name = Debug;
		};
		E70616EC1E795BF200762B56 /* Release */ = {
			isa = XCBuildConfiguration;
			buildSettings = {
				ALWAYS_SEARCH_USER_PATHS = NO;
				CLANG_ANALYZER_NONNULL = YES;
				CLANG_CXX_LANGUAGE_STANDARD = "gnu++0x";
				CLANG_CXX_LIBRARY = "libc++";
				CLANG_ENABLE_MODULES = YES;
				CLANG_ENABLE_OBJC_ARC = YES;
				CLANG_WARN_BOOL_CONVERSION = YES;
				CLANG_WARN_CONSTANT_CONVERSION = YES;
				CLANG_WARN_DIRECT_OBJC_ISA_USAGE = YES_ERROR;
				CLANG_WARN_DOCUMENTATION_COMMENTS = YES;
				CLANG_WARN_EMPTY_BODY = YES;
				CLANG_WARN_ENUM_CONVERSION = YES;
				CLANG_WARN_INFINITE_RECURSION = YES;
				CLANG_WARN_INT_CONVERSION = YES;
				CLANG_WARN_OBJC_ROOT_CLASS = YES_ERROR;
				CLANG_WARN_SUSPICIOUS_MOVE = YES;
				CLANG_WARN_UNREACHABLE_CODE = YES;
				CLANG_WARN__DUPLICATE_METHOD_MATCH = YES;
				"CODE_SIGN_IDENTITY[sdk=iphoneos*]" = "iPhone Developer";
				COPY_PHASE_STRIP = NO;
				DEBUG_INFORMATION_FORMAT = "dwarf-with-dsym";
				ENABLE_NS_ASSERTIONS = NO;
				ENABLE_STRICT_OBJC_MSGSEND = YES;
				GCC_C_LANGUAGE_STANDARD = gnu99;
				GCC_NO_COMMON_BLOCKS = YES;
				GCC_WARN_64_TO_32_BIT_CONVERSION = YES;
				GCC_WARN_ABOUT_RETURN_TYPE = YES_ERROR;
				GCC_WARN_UNDECLARED_SELECTOR = YES;
				GCC_WARN_UNINITIALIZED_AUTOS = YES_AGGRESSIVE;
				GCC_WARN_UNUSED_FUNCTION = YES;
				GCC_WARN_UNUSED_VARIABLE = YES;
				IPHONEOS_DEPLOYMENT_TARGET = 10.2;
				MTL_ENABLE_DEBUG_INFO = NO;
				SDKROOT = iphoneos;
				VALIDATE_PRODUCT = YES;
			};
			name = Release;
		};
		E70616EE1E795BF200762B56 /* Debug */ = {
			isa = XCBuildConfiguration;
			baseConfigurationReference = F508F110EBD8B2E7A7049B7A /* Pods-CYSuperDemo.debug.xcconfig */;
			buildSettings = {
				ASSETCATALOG_COMPILER_APPICON_NAME = AppIcon;
				CODE_SIGN_ENTITLEMENTS = CYSuperDemo/CYSuperDemo.entitlements;
				CODE_SIGN_IDENTITY = "iPhone Developer";
				CODE_SIGN_STYLE = Automatic;
				DEVELOPMENT_TEAM = JXJV99SFC3;
				INFOPLIST_FILE = CYSuperDemo/Info.plist;
				LD_RUNPATH_SEARCH_PATHS = "$(inherited) @executable_path/Frameworks";
				PRODUCT_BUNDLE_IDENTIFIER = developer.cy.superdemo;
				PRODUCT_NAME = "$(TARGET_NAME)";
				PROVISIONING_PROFILE_SPECIFIER = "";
			};
			name = Debug;
		};
		E70616EF1E795BF200762B56 /* Release */ = {
			isa = XCBuildConfiguration;
			baseConfigurationReference = 4CF91AFD3609077EE9187046 /* Pods-CYSuperDemo.release.xcconfig */;
			buildSettings = {
				ASSETCATALOG_COMPILER_APPICON_NAME = AppIcon;
				CODE_SIGN_ENTITLEMENTS = CYSuperDemo/CYSuperDemo.entitlements;
				CODE_SIGN_IDENTITY = "iPhone Developer";
				CODE_SIGN_STYLE = Automatic;
				DEVELOPMENT_TEAM = JXJV99SFC3;
				INFOPLIST_FILE = CYSuperDemo/Info.plist;
				LD_RUNPATH_SEARCH_PATHS = "$(inherited) @executable_path/Frameworks";
				PRODUCT_BUNDLE_IDENTIFIER = developer.cy.superdemo;
				PRODUCT_NAME = "$(TARGET_NAME)";
				PROVISIONING_PROFILE_SPECIFIER = "";
			};
			name = Release;
		};
		E70616F11E795BF200762B56 /* Debug */ = {
			isa = XCBuildConfiguration;
			buildSettings = {
				BUNDLE_LOADER = "$(TEST_HOST)";
				DEVELOPMENT_TEAM = JXJV99SFC3;
				INFOPLIST_FILE = CYSuperDemoTests/Info.plist;
				LD_RUNPATH_SEARCH_PATHS = "$(inherited) @executable_path/Frameworks @loader_path/Frameworks";
				PRODUCT_BUNDLE_IDENTIFIER = com.cyrill.CYSuperDemoTests;
				PRODUCT_NAME = "$(TARGET_NAME)";
				TEST_HOST = "$(BUILT_PRODUCTS_DIR)/CYSuperDemo.app/CYSuperDemo";
			};
			name = Debug;
		};
		E70616F21E795BF200762B56 /* Release */ = {
			isa = XCBuildConfiguration;
			buildSettings = {
				BUNDLE_LOADER = "$(TEST_HOST)";
				DEVELOPMENT_TEAM = JXJV99SFC3;
				INFOPLIST_FILE = CYSuperDemoTests/Info.plist;
				LD_RUNPATH_SEARCH_PATHS = "$(inherited) @executable_path/Frameworks @loader_path/Frameworks";
				PRODUCT_BUNDLE_IDENTIFIER = com.cyrill.CYSuperDemoTests;
				PRODUCT_NAME = "$(TARGET_NAME)";
				TEST_HOST = "$(BUILT_PRODUCTS_DIR)/CYSuperDemo.app/CYSuperDemo";
			};
			name = Release;
		};
		E70616F41E795BF200762B56 /* Debug */ = {
			isa = XCBuildConfiguration;
			buildSettings = {
				DEVELOPMENT_TEAM = JXJV99SFC3;
				INFOPLIST_FILE = CYSuperDemoUITests/Info.plist;
				LD_RUNPATH_SEARCH_PATHS = "$(inherited) @executable_path/Frameworks @loader_path/Frameworks";
				PRODUCT_BUNDLE_IDENTIFIER = com.cyrill.CYSuperDemoUITests;
				PRODUCT_NAME = "$(TARGET_NAME)";
				TEST_TARGET_NAME = CYSuperDemo;
			};
			name = Debug;
		};
		E70616F51E795BF200762B56 /* Release */ = {
			isa = XCBuildConfiguration;
			buildSettings = {
				DEVELOPMENT_TEAM = JXJV99SFC3;
				INFOPLIST_FILE = CYSuperDemoUITests/Info.plist;
				LD_RUNPATH_SEARCH_PATHS = "$(inherited) @executable_path/Frameworks @loader_path/Frameworks";
				PRODUCT_BUNDLE_IDENTIFIER = com.cyrill.CYSuperDemoUITests;
				PRODUCT_NAME = "$(TARGET_NAME)";
				TEST_TARGET_NAME = CYSuperDemo;
			};
			name = Release;
		};
/* End XCBuildConfiguration section */

/* Begin XCConfigurationList section */
		E70616BB1E795BF200762B56 /* Build configuration list for PBXProject "CYSuperDemo" */ = {
			isa = XCConfigurationList;
			buildConfigurations = (
				E70616EB1E795BF200762B56 /* Debug */,
				E70616EC1E795BF200762B56 /* Release */,
			);
			defaultConfigurationIsVisible = 0;
			defaultConfigurationName = Release;
		};
		E70616ED1E795BF200762B56 /* Build configuration list for PBXNativeTarget "CYSuperDemo" */ = {
			isa = XCConfigurationList;
			buildConfigurations = (
				E70616EE1E795BF200762B56 /* Debug */,
				E70616EF1E795BF200762B56 /* Release */,
			);
			defaultConfigurationIsVisible = 0;
			defaultConfigurationName = Release;
		};
		E70616F01E795BF200762B56 /* Build configuration list for PBXNativeTarget "CYSuperDemoTests" */ = {
			isa = XCConfigurationList;
			buildConfigurations = (
				E70616F11E795BF200762B56 /* Debug */,
				E70616F21E795BF200762B56 /* Release */,
			);
			defaultConfigurationIsVisible = 0;
			defaultConfigurationName = Release;
		};
		E70616F31E795BF200762B56 /* Build configuration list for PBXNativeTarget "CYSuperDemoUITests" */ = {
			isa = XCConfigurationList;
			buildConfigurations = (
				E70616F41E795BF200762B56 /* Debug */,
				E70616F51E795BF200762B56 /* Release */,
			);
			defaultConfigurationIsVisible = 0;
			defaultConfigurationName = Release;
		};
/* End XCConfigurationList section */
	};
	rootObject = E70616B81E795BF200762B56 /* Project object */;
}
